lockfileVersion: '9.0'

settings:
  autoInstallPeers: true
  excludeLinksFromLockfile: false

importers:

  .:
    dependencies:
      dsh-git:
        specifier: link:../dsh-git
        version: link:../dsh-git
      dsh-git-client:
        specifier: link:../dsh-git-client
        version: link:../dsh-git-client
